
Microsoft Visual Studio Solution File, Format Version 12.00
# Visual Studio Version 16
VisualStudioVersion = 16.0.31402.337
MinimumVisualStudioVersion = 10.0.40219.1
Project("{FAE04EC0-301F-11D3-BF4B-00C04F79EFBC}") = "saleswebmvc", "saleswebmvc\saleswebmvc.csproj", "{7CC4B44C-8BA9-46F8-9E0C-343BBB7F07A5}"
EndProject
Global
	GlobalSection(SolutionConfigurationPlatforms) = preSolution
		Debug|Any CPU = Debug|Any CPU
		Release|Any CPU = Release|Any CPU
	EndGlobalSection
	GlobalSection(ProjectConfigurationPlatforms) = postSolution
		{7CC4B44C-8BA9-46F8-9E0C-343BBB7F07A5}.Debug|Any CPU.ActiveCfg = Debug|Any CPU
		{7CC4B44C-8BA9-46F8-9E0C-343BBB7F07A5}.Debug|Any CPU.Build.0 = Debug|Any CPU
		{7CC4B44C-8BA9-46F8-9E0C-343BBB7F07A5}.Release|Any CPU.ActiveCfg = Release|Any CPU
		{7CC4B44C-8BA9-46F8-9E0C-343BBB7F07A5}.Release|Any CPU.Build.0 = Release|Any CPU
	EndGlobalSection
	GlobalSection(SolutionProperties) = preSolution
		HideSolutionNode = FALSE
	EndGlobalSection
	GlobalSection(ExtensibilityGlobals) = postSolution
		SolutionGuid = {9C003863-9187-445C-8E86-1A203C0B3A9E}
	EndGlobalSection
EndGlobal
